
Microsoft Visual Studio Solution File, Format Version 12.00
# Visual Studio 2012
Project("{FAE04EC0-301F-11D3-BF4B-00C04F79EFBC}") = "ClientConsole", "ClientConsole\ClientConsole.csproj", "{197479F7-A89B-4996-862E-BE9EC8B043E7}"
EndProject
Project("{2150E333-8FDC-42A3-9474-1A3956D46DE8}") = "Solution Items", "Solution Items", "{BEFD1818-888C-4D7E-B5E8-44870378AC47}"
EndProject
Global
	GlobalSection(SolutionConfigurationPlatforms) = preSolution
		Debug|Any CPU = Debug|Any CPU
		Release|Any CPU = Release|Any CPU
	EndGlobalSection
	GlobalSection(ProjectConfigurationPlatforms) = postSolution
		{197479F7-A89B-4996-862E-BE9EC8B043E7}.Debug|Any CPU.ActiveCfg = Debug|Any CPU
		{197479F7-A89B-4996-862E-BE9EC8B043E7}.Debug|Any CPU.Build.0 = Debug|Any CPU
		{197479F7-A89B-4996-862E-BE9EC8B043E7}.Release|Any CPU.ActiveCfg = Release|Any CPU
		{197479F7-A89B-4996-862E-BE9EC8B043E7}.Release|Any CPU.Build.0 = Release|Any CPU
	EndGlobalSection
EndGlobal
